# This file is autogenerated, do not edit; changes may be undone by the next 'dep ensure'.


[[projects]]
  name = "github.com/influxdata/influxdb"
  packages = ["client/v2","models","pkg/escape"]
  revision = "389de31c961831de0a9f4172173337d4a6193909"
  version = "v1.6.3"

[[projects]]
  name = "github.com/nilsmagnus/grib"
  packages = ["griblib"]
  revision = "fadf25bc441cd45b1c12c959d63542f0d21290a0"
  version = "v1.0"

[solve-meta]
  analyzer-name = "dep"
  analyzer-version = 1
  inputs-digest = "21898a89b5e3e1831410a8b34e7edf62222de0ea76e7b6af61537fda353836b6"
  solver-name = "gps-cdcl"
  solver-version = 1
